
Microsoft Visual Studio Solution File, Format Version 12.00
# Visual Studio Version 17
VisualStudioVersion = 17.6.33829.357
MinimumVisualStudioVersion = 10.0.40219.1
Project("{FAE04EC0-301F-11D3-BF4B-00C04F79EFBC}") = "CasgemApiConsume", "CasgemApiConsume\CasgemApiConsume.csproj", "{BBAF03E5-A43B-472D-9F55-B87F8D72652E}"
EndProject
Global
	GlobalSection(SolutionConfigurationPlatforms) = preSolution
		Debug|Any CPU = Debug|Any CPU
		Release|Any CPU = Release|Any CPU
	EndGlobalSection
	GlobalSection(ProjectConfigurationPlatforms) = postSolution
		{BBAF03E5-A43B-472D-9F55-B87F8D72652E}.Debug|Any CPU.ActiveCfg = Debug|Any CPU
		{BBAF03E5-A43B-472D-9F55-B87F8D72652E}.Debug|Any CPU.Build.0 = Debug|Any CPU
		{BBAF03E5-A43B-472D-9F55-B87F8D72652E}.Release|Any CPU.ActiveCfg = Release|Any CPU
		{BBAF03E5-A43B-472D-9F55-B87F8D72652E}.Release|Any CPU.Build.0 = Release|Any CPU
	EndGlobalSection
	GlobalSection(SolutionProperties) = preSolution
		HideSolutionNode = FALSE
	EndGlobalSection
	GlobalSection(ExtensibilityGlobals) = postSolution
		SolutionGuid = {3E9683AB-A839-4F5B-B98E-819696B95B1F}
	EndGlobalSection
EndGlobal
